
Microsoft Visual Studio Solution File, Format Version 12.00
# Visual Studio Version 17
VisualStudioVersion = 17.8.34408.163
MinimumVisualStudioVersion = 10.0.40219.1
Project("{FAE04EC0-301F-11D3-BF4B-00C04F79EFBC}") = "Csharp-Assignment#1", "Csharp-Assignment#1.csproj", "{83950C32-B983-47E6-A20F-A8C7C46BDB11}"
EndProject
Global
	GlobalSection(SolutionConfigurationPlatforms) = preSolution
		Debug|Any CPU = Debug|Any CPU
		Release|Any CPU = Release|Any CPU
	EndGlobalSection
	GlobalSection(ProjectConfigurationPlatforms) = postSolution
		{83950C32-B983-47E6-A20F-A8C7C46BDB11}.Debug|Any CPU.ActiveCfg = Debug|Any CPU
		{83950C32-B983-47E6-A20F-A8C7C46BDB11}.Debug|Any CPU.Build.0 = Debug|Any CPU
		{83950C32-B983-47E6-A20F-A8C7C46BDB11}.Release|Any CPU.ActiveCfg = Release|Any CPU
		{83950C32-B983-47E6-A20F-A8C7C46BDB11}.Release|Any CPU.Build.0 = Release|Any CPU
	EndGlobalSection
	GlobalSection(SolutionProperties) = preSolution
		HideSolutionNode = FALSE
	EndGlobalSection
	GlobalSection(ExtensibilityGlobals) = postSolution
		SolutionGuid = {F3F76C3C-1603-4168-80F5-90FD661E5030}
	EndGlobalSection
EndGlobal
